
Microsoft Visual Studio Solution File, Format Version 12.00
# Visual Studio 15
VisualStudioVersion = 15.0.27703.2047
MinimumVisualStudioVersion = 10.0.40219.1
Project("{FAE04EC0-301F-11D3-BF4B-00C04F79EFBC}") = "AwesomeWallpaper", "AwesomeWallpaper\AwesomeWallpaper.csproj", "{C0B1DB4D-62E0-4DD2-84D9-0F2C42E50E2C}"
EndProject
Global
	GlobalSection(SolutionConfigurationPlatforms) = preSolution
		Debug|Any CPU = Debug|Any CPU
		Release|Any CPU = Release|Any CPU
	EndGlobalSection
	GlobalSection(ProjectConfigurationPlatforms) = postSolution
		{C0B1DB4D-62E0-4DD2-84D9-0F2C42E50E2C}.Debug|Any CPU.ActiveCfg = Debug|x86
		{C0B1DB4D-62E0-4DD2-84D9-0F2C42E50E2C}.Debug|Any CPU.Build.0 = Debug|x86
		{C0B1DB4D-62E0-4DD2-84D9-0F2C42E50E2C}.Release|Any CPU.ActiveCfg = Release|x86
		{C0B1DB4D-62E0-4DD2-84D9-0F2C42E50E2C}.Release|Any CPU.Build.0 = Release|x86
	EndGlobalSection
	GlobalSection(SolutionProperties) = preSolution
		HideSolutionNode = FALSE
	EndGlobalSection
	GlobalSection(ExtensibilityGlobals) = postSolution
		SolutionGuid = {BA41B12A-7250-47B2-B454-FA7EEF9BA9AB}
	EndGlobalSection
EndGlobal
